Microsoft Visual Studio Solution File, Format Version 12.00
# Visual Studio Version 17
VisualStudioVersion = 17.5.2.0
MinimumVisualStudioVersion = 10.0.40219.1
Project("{FAE04EC0-301F-11D3-BF4B-00C04F79EFBC}") = "ExtrairXML", "ExtrairXML.csproj", "{BCA55C10-933B-D5BF-7625-61AB416715BA}"
EndProject
Global
	GlobalSection(SolutionConfigurationPlatforms) = preSolution
		Debug|Any CPU = Debug|Any CPU
		Release|Any CPU = Release|Any CPU
	EndGlobalSection
	GlobalSection(ProjectConfigurationPlatforms) = postSolution
		{BCA55C10-933B-D5BF-7625-61AB416715BA}.Debug|Any CPU.ActiveCfg = Debug|Any CPU
		{BCA55C10-933B-D5BF-7625-61AB416715BA}.Debug|Any CPU.Build.0 = Debug|Any CPU
		{BCA55C10-933B-D5BF-7625-61AB416715BA}.Release|Any CPU.ActiveCfg = Release|Any CPU
		{BCA55C10-933B-D5BF-7625-61AB416715BA}.Release|Any CPU.Build.0 = Release|Any CPU
	EndGlobalSection
	GlobalSection(SolutionProperties) = preSolution
		HideSolutionNode = FALSE
	EndGlobalSection
	GlobalSection(ExtensibilityGlobals) = postSolution
		SolutionGuid = {451E7133-C27C-4CA7-A230-2DA63FA19A08}
	EndGlobalSection
EndGlobal
